
Microsoft Visual Studio Solution File, Format Version 12.00
# Visual Studio Version 16
VisualStudioVersion = 16.0.30114.105
MinimumVisualStudioVersion = 10.0.40219.1
Project("{2150E333-8FDC-42A3-9474-1A3956D46DE8}") = "src", "src", "{805261BC-3712-423B-BAD3-42B804D55E1A}"
EndProject
Project("{FAE04EC0-301F-11D3-BF4B-00C04F79EFBC}") = "Lib1", "src\Lib1\Lib1.csproj", "{7A7CDE55-E911-4CA6-B6B9-645B70D3EEF1}"
EndProject
Project("{2150E333-8FDC-42A3-9474-1A3956D46DE8}") = "test", "test", "{1EBD3FFC-12C1-4BE1-94E5-169B3181E9F8}"
EndProject
Project("{FAE04EC0-301F-11D3-BF4B-00C04F79EFBC}") = "Lib1.Tests.Unit", "test\Lib1.Tests.Unit\Lib1.Tests.Unit.csproj", "{44223E68-BCA2-4442-AC08-44DBC45C61F4}"
EndProject
Global
	GlobalSection(SolutionConfigurationPlatforms) = preSolution
		Debug|Any CPU = Debug|Any CPU
		Release|Any CPU = Release|Any CPU
	EndGlobalSection
	GlobalSection(SolutionProperties) = preSolution
		HideSolutionNode = FALSE
	EndGlobalSection
	GlobalSection(ProjectConfigurationPlatforms) = postSolution
		{7A7CDE55-E911-4CA6-B6B9-645B70D3EEF1}.Debug|Any CPU.ActiveCfg = Debug|Any CPU
		{7A7CDE55-E911-4CA6-B6B9-645B70D3EEF1}.Debug|Any CPU.Build.0 = Debug|Any CPU
		{7A7CDE55-E911-4CA6-B6B9-645B70D3EEF1}.Release|Any CPU.ActiveCfg = Release|Any CPU
		{7A7CDE55-E911-4CA6-B6B9-645B70D3EEF1}.Release|Any CPU.Build.0 = Release|Any CPU
		{44223E68-BCA2-4442-AC08-44DBC45C61F4}.Debug|Any CPU.ActiveCfg = Debug|Any CPU
		{44223E68-BCA2-4442-AC08-44DBC45C61F4}.Debug|Any CPU.Build.0 = Debug|Any CPU
		{44223E68-BCA2-4442-AC08-44DBC45C61F4}.Release|Any CPU.ActiveCfg = Release|Any CPU
		{44223E68-BCA2-4442-AC08-44DBC45C61F4}.Release|Any CPU.Build.0 = Release|Any CPU
	EndGlobalSection
	GlobalSection(NestedProjects) = preSolution
		{7A7CDE55-E911-4CA6-B6B9-645B70D3EEF1} = {805261BC-3712-423B-BAD3-42B804D55E1A}
		{44223E68-BCA2-4442-AC08-44DBC45C61F4} = {1EBD3FFC-12C1-4BE1-94E5-169B3181E9F8}
	EndGlobalSection
EndGlobal
